
Microsoft Visual Studio Solution File, Format Version 12.00
# Visual Studio Version 16
VisualStudioVersion = 16.0.30804.86
MinimumVisualStudioVersion = 10.0.40219.1
Project("{9A19103F-16F7-4668-BE54-9A1E7A4F7556}") = "AuthManagement.IdentityServer", "IdentityServer\AuthManagement.IdentityServer.csproj", "{1BA5EFFF-81B4-4AD3-81B4-5B089FD47D85}"
EndProject
Project("{9A19103F-16F7-4668-BE54-9A1E7A4F7556}") = "AuthManagement.Hotels", "API.Hotels\AuthManagement.Hotels.csproj", "{16CFFB0C-677B-4371-9E4B-C2B1C87520E2}"
EndProject
Project("{9A19103F-16F7-4668-BE54-9A1E7A4F7556}") = "AuthManagement.Weather", "API.Weather\AuthManagement.Weather.csproj", "{0387C4D6-DB3C-4257-8F43-083C112EEC4D}"
EndProject
Project("{2150E333-8FDC-42A3-9474-1A3956D46DE8}") = "API", "API", "{B626A89D-A5B7-449B-8AA6-8D4E64F28FEF}"
EndProject
Global
	GlobalSection(SolutionConfigurationPlatforms) = preSolution
		Debug|Any CPU = Debug|Any CPU
		Release|Any CPU = Release|Any CPU
	EndGlobalSection
	GlobalSection(ProjectConfigurationPlatforms) = postSolution
		{1BA5EFFF-81B4-4AD3-81B4-5B089FD47D85}.Debug|Any CPU.ActiveCfg = Debug|Any CPU
		{1BA5EFFF-81B4-4AD3-81B4-5B089FD47D85}.Debug|Any CPU.Build.0 = Debug|Any CPU
		{1BA5EFFF-81B4-4AD3-81B4-5B089FD47D85}.Release|Any CPU.ActiveCfg = Release|Any CPU
		{1BA5EFFF-81B4-4AD3-81B4-5B089FD47D85}.Release|Any CPU.Build.0 = Release|Any CPU
		{16CFFB0C-677B-4371-9E4B-C2B1C87520E2}.Debug|Any CPU.ActiveCfg = Debug|Any CPU
		{16CFFB0C-677B-4371-9E4B-C2B1C87520E2}.Debug|Any CPU.Build.0 = Debug|Any CPU
		{16CFFB0C-677B-4371-9E4B-C2B1C87520E2}.Release|Any CPU.ActiveCfg = Release|Any CPU
		{16CFFB0C-677B-4371-9E4B-C2B1C87520E2}.Release|Any CPU.Build.0 = Release|Any CPU
		{0387C4D6-DB3C-4257-8F43-083C112EEC4D}.Debug|Any CPU.ActiveCfg = Debug|Any CPU
		{0387C4D6-DB3C-4257-8F43-083C112EEC4D}.Debug|Any CPU.Build.0 = Debug|Any CPU
		{0387C4D6-DB3C-4257-8F43-083C112EEC4D}.Release|Any CPU.ActiveCfg = Release|Any CPU
		{0387C4D6-DB3C-4257-8F43-083C112EEC4D}.Release|Any CPU.Build.0 = Release|Any CPU
	EndGlobalSection
	GlobalSection(SolutionProperties) = preSolution
		HideSolutionNode = FALSE
	EndGlobalSection
	GlobalSection(NestedProjects) = preSolution
		{16CFFB0C-677B-4371-9E4B-C2B1C87520E2} = {B626A89D-A5B7-449B-8AA6-8D4E64F28FEF}
		{0387C4D6-DB3C-4257-8F43-083C112EEC4D} = {B626A89D-A5B7-449B-8AA6-8D4E64F28FEF}
	EndGlobalSection
	GlobalSection(ExtensibilityGlobals) = postSolution
		SolutionGuid = {C87E566E-6A28-4F28-97D4-AA67F0802EA0}
	EndGlobalSection
EndGlobal
