
Microsoft Visual Studio Solution File, Format Version 12.00
# Visual Studio Version 16
VisualStudioVersion = 16.0.30804.86
MinimumVisualStudioVersion = 10.0.40219.1
Project("{9A19103F-16F7-4668-BE54-9A1E7A4F7556}") = "AuthManagement.IdentityServer", "IdentityServer\AuthManagement.IdentityServer.csproj", "{1BA5EFFF-81B4-4AD3-81B4-5B089FD47D85}"
EndProject
Project("{2150E333-8FDC-42A3-9474-1A3956D46DE8}") = "API", "API", "{B626A89D-A5B7-449B-8AA6-8D4E64F28FEF}"
EndProject
Project("{9A19103F-16F7-4668-BE54-9A1E7A4F7556}") = "Api.Hotels", "API.Hotels\Api.Hotels.csproj", "{99F6C844-CB79-4DC9-A7EF-0015EA40ED97}"
EndProject
Project("{9A19103F-16F7-4668-BE54-9A1E7A4F7556}") = "Api.Weather", "API.Weather\Api.Weather.csproj", "{2A9EF78C-84D3-40FA-B956-010F228E8761}"
EndProject
Global
	GlobalSection(SolutionConfigurationPlatforms) = preSolution
		Debug|Any CPU = Debug|Any CPU
		Release|Any CPU = Release|Any CPU
	EndGlobalSection
	GlobalSection(ProjectConfigurationPlatforms) = postSolution
		{1BA5EFFF-81B4-4AD3-81B4-5B089FD47D85}.Debug|Any CPU.ActiveCfg = Debug|Any CPU
		{1BA5EFFF-81B4-4AD3-81B4-5B089FD47D85}.Debug|Any CPU.Build.0 = Debug|Any CPU
		{1BA5EFFF-81B4-4AD3-81B4-5B089FD47D85}.Release|Any CPU.ActiveCfg = Release|Any CPU
		{1BA5EFFF-81B4-4AD3-81B4-5B089FD47D85}.Release|Any CPU.Build.0 = Release|Any CPU
		{99F6C844-CB79-4DC9-A7EF-0015EA40ED97}.Debug|Any CPU.ActiveCfg = Debug|Any CPU
		{99F6C844-CB79-4DC9-A7EF-0015EA40ED97}.Debug|Any CPU.Build.0 = Debug|Any CPU
		{99F6C844-CB79-4DC9-A7EF-0015EA40ED97}.Release|Any CPU.ActiveCfg = Release|Any CPU
		{99F6C844-CB79-4DC9-A7EF-0015EA40ED97}.Release|Any CPU.Build.0 = Release|Any CPU
		{2A9EF78C-84D3-40FA-B956-010F228E8761}.Debug|Any CPU.ActiveCfg = Debug|Any CPU
		{2A9EF78C-84D3-40FA-B956-010F228E8761}.Debug|Any CPU.Build.0 = Debug|Any CPU
		{2A9EF78C-84D3-40FA-B956-010F228E8761}.Release|Any CPU.ActiveCfg = Release|Any CPU
		{2A9EF78C-84D3-40FA-B956-010F228E8761}.Release|Any CPU.Build.0 = Release|Any CPU
	EndGlobalSection
	GlobalSection(SolutionProperties) = preSolution
		HideSolutionNode = FALSE
	EndGlobalSection
	GlobalSection(NestedProjects) = preSolution
		{99F6C844-CB79-4DC9-A7EF-0015EA40ED97} = {B626A89D-A5B7-449B-8AA6-8D4E64F28FEF}
		{2A9EF78C-84D3-40FA-B956-010F228E8761} = {B626A89D-A5B7-449B-8AA6-8D4E64F28FEF}
	EndGlobalSection
	GlobalSection(ExtensibilityGlobals) = postSolution
		SolutionGuid = {C87E566E-6A28-4F28-97D4-AA67F0802EA0}
	EndGlobalSection
EndGlobal
